
Microsoft Visual Studio Solution File, Format Version 12.00
# Visual Studio Version 16
VisualStudioVersion = 16.0.30611.23
MinimumVisualStudioVersion = 10.0.40219.1
Project("{FAE04EC0-301F-11D3-BF4B-00C04F79EFBC}") = "RestServer", "RestServer\RestServer.csproj", "{AE4A64A6-5CF6-4569-AF7A-AD146D7D0A00}"
EndProject
Global
	GlobalSection(SolutionConfigurationPlatforms) = preSolution
		Debug|Any CPU = Debug|Any CPU
		Release|Any CPU = Release|Any CPU
	EndGlobalSection
	GlobalSection(ProjectConfigurationPlatforms) = postSolution
		{AE4A64A6-5CF6-4569-AF7A-AD146D7D0A00}.Debug|Any CPU.ActiveCfg = Debug|Any CPU
		{AE4A64A6-5CF6-4569-AF7A-AD146D7D0A00}.Debug|Any CPU.Build.0 = Debug|Any CPU
		{AE4A64A6-5CF6-4569-AF7A-AD146D7D0A00}.Release|Any CPU.ActiveCfg = Release|Any CPU
		{AE4A64A6-5CF6-4569-AF7A-AD146D7D0A00}.Release|Any CPU.Build.0 = Release|Any CPU
	EndGlobalSection
	GlobalSection(SolutionProperties) = preSolution
		HideSolutionNode = FALSE
	EndGlobalSection
	GlobalSection(ExtensibilityGlobals) = postSolution
		SolutionGuid = {253FDD5E-DD24-422A-A115-7FC995A6CF68}
	EndGlobalSection
EndGlobal
